// !$*UTF8*$!
{
	archiveVersion = 1;
	classes = {
	};
	objectVersion = 46;
	objects = {

/* Begin PBXBuildFile section */
		B43DC8241A887DB7005ACD99 /* main.m in Sources */ = {isa = PBXBuildFile; fileRef = B43DC8231A887DB7005ACD99 /* main.m */; };
		B43DC8271A887DB7005ACD99 /* AppDelegate.m in Sources */ = {isa = PBXBuildFile; fileRef = B43DC8261A887DB7005ACD99 /* AppDelegate.m */; };
		B43DC82A1A887DB7005ACD99 /* ViewController.m in Sources */ = {isa = PBXBuildFile; fileRef = B43DC8291A887DB7005ACD99 /* ViewController.m */; };
		B43DC82D1A887DB7005ACD99 /* Main.storyboard in Resources */ = {isa = PBXBuildFile; fileRef = B43DC82B1A887DB7005ACD99 /* Main.storyboard */; };
		B43DC82F1A887DB7005ACD99 /* Images.xcassets in Resources */ = {isa = PBXBuildFile; fileRef = B43DC82E1A887DB7005ACD99 /* Images.xcassets */; };
		B43DC8321A887DB7005ACD99 /* LaunchScreen.xib in Resources */ = {isa = PBXBuildFile; fileRef = B43DC8301A887DB7005ACD99 /* LaunchScreen.xib */; };
		B43DC83E1A887DB7005ACD99 /* SourceTreexxTests.m in Sources */ = {isa = PBXBuildFile; fileRef = B43DC83D1A887DB7005ACD99 /* SourceTreexxTests.m */; };
/* End PBXBuildFile section */

/* Begin PBXContainerItemProxy section */
		B43DC8381A887DB7005ACD99 /* PBXContainerItemProxy */ = {
			isa = PBXContainerItemProxy;
			containerPortal = B43DC8161A887DB7005ACD99 /* Project object */;
			proxyType = 1;
			remoteGlobalIDString = B43DC81D1A887DB7005ACD99;
			remoteInfo = SourceTreexx;
		};
/* End PBXContainerItemProxy section */

/* Begin PBXFileReference section */
		B43DC81E1A887DB7005ACD99 /* SourceTreexx.app */ = {isa = PBXFileReference; explicitFileType = wrapper.application; includeInIndex = 0; path = SourceTreexx.app; sourceTree = BUILT_PRODUCTS_DIR; };
		B43DC8221A887DB7005ACD99 /* Info.plist */ = {isa = PBXFileReference; lastKnownFileType = text.plist.xml; path = Info.plist; sourceTree = "<group>"; };
		B43DC8231A887DB7005ACD99 /* main.m */ = {isa = PBXFileReference; lastKnownFileType = sourcecode.c.objc; path = main.m; sourceTree = "<group>"; };
		B43DC8251A887DB7005ACD99 /* AppDelegate.h */ = {isa = PBXFileReference; lastKnownFileType = sourcecode.c.h; path = AppDelegate.h; sourceTree = "<group>"; };
		B43DC8261A887DB7005ACD99 /* AppDelegate.m */ = {isa = PBXFileReference; lastKnownFileType = sourcecode.c.objc; path = AppDelegate.m; sourceTree = "<group>"; };
		B43DC8281A887DB7005ACD99 /* ViewController.h */ = {isa = PBXFileReference; lastKnownFileType = sourcecode.c.h; path = ViewController.h; sourceTree = "<group>"; };
		B43DC8291A887DB7005ACD99 /* ViewController.m */ = {isa = PBXFileReference; lastKnownFileType = sourcecode.c.objc; path = ViewController.m; sourceTree = "<group>"; };
		B43DC82C1A887DB7005ACD99 /* Base */ = {isa = PBXFileReference; lastKnownFileType = file.storyboard; name = Base; path = Base.lproj/Main.storyboard; sourceTree = "<group>"; };
		B43DC82E1A887DB7005ACD99 /* Images.xcassets */ = {isa = PBXFileReference; lastKnownFileType = folder.assetcatalog; path = Images.xcassets; sourceTree = "<group>"; };
		B43DC8311A887DB7005ACD99 /* Base */ = {isa = PBXFileReference; lastKnownFileType = file.xib; name = Base; path = Base.lproj/LaunchScreen.xib; sourceTree = "<group>"; };
		B43DC8371A887DB7005ACD99 /* SourceTreexxTests.xctest */ = {isa = PBXFileReference; explicitFileType = wrapper.cfbundle; includeInIndex = 0; path = SourceTreexxTests.xctest; sourceTree = BUILT_PRODUCTS_DIR; };
		B43DC83C1A887DB7005ACD99 /* Info.plist */ = {isa = PBXFileReference; lastKnownFileType = text.plist.xml; path = Info.plist; sourceTree = "<group>"; };
		B43DC83D1A887DB7005ACD99 /* SourceTreexxTests.m */ = {isa = PBXFileReference; lastKnownFileType = sourcecode.c.objc; path = SourceTreexxTests.m; sourceTree = "<group>"; };
/* End PBXFileReference section */

/* Begin PBXFrameworksBuildPhase section */
		B43DC81B1A887DB7005ACD99 /* Frameworks */ = {
			isa = PBXFrameworksBuildPhase;
			buildActionMask = 2147483647;
			files = (
			);
			runOnlyForDeploymentPostprocessing = 0;
		};
		B43DC8341A887DB7005ACD99 /* Frameworks */ = {
			isa = PBXFrameworksBuildPhase;
			buildActionMask = 2147483647;
			files = (
			);
			runOnlyForDeploymentPostprocessing = 0;
		};
/* End PBXFrameworksBuildPhase section */

/* Begin PBXGroup section */
		B43DC8151A887DB7005ACD99 = {
			isa = PBXGroup;
			children = (
				B43DC8201A887DB7005ACD99 /* SourceTreexx */,
				B43DC83A1A887DB7005ACD99 /* SourceTreexxTests */,
				B43DC81F1A887DB7005ACD99 /* Products */,
			);
			sourceTree = "<group>";
		};
		B43DC81F1A887DB7005ACD99 /* Products */ = {
			isa = PBXGroup;
			children = (
				B43DC81E1A887DB7005ACD99 /* SourceTreexx.app */,
				B43DC8371A887DB7005ACD99 /* SourceTreexxTests.xctest */,
			);
			name = Products;
			sourceTree = "<group>";
		};
		B43DC8201A887DB7005ACD99 /* SourceTreexx */ = {
			isa = PBXGroup;
			children = (
				B43DC8251A887DB7005ACD99 /* AppDelegate.h */,
				B43DC8261A887DB7005ACD99 /* AppDelegate.m */,
				B43DC8281A887DB7005ACD99 /* ViewController.h */,
				B43DC8291A887DB7005ACD99 /* ViewController.m */,
				B43DC82B1A887DB7005ACD99 /* Main.storyboard */,
				B43DC82E1A887DB7005ACD99 /* Images.xcassets */,
				B43DC8301A887DB7005ACD99 /* LaunchScreen.xib */,
				B43DC8211A887DB7005ACD99 /* Supporting Files */,
			);
			path = SourceTreexx;
			sourceTree = "<group>";
		};
		B43DC8211A887DB7005ACD99 /* Supporting Files */ = {
			isa = PBXGroup;
			children = (
				B43DC8221A887DB7005ACD99 /* Info.plist */,
				B43DC8231A887DB7005ACD99 /* main.m */,
			);
			name = "Supporting Files";
			sourceTree = "<group>";
		};
		B43DC83A1A887DB7005ACD99 /* SourceTreexxTests */ = {
			isa = PBXGroup;
			children = (
				B43DC83D1A887DB7005ACD99 /* SourceTreexxTests.m */,
				B43DC83B1A887DB7005ACD99 /* Supporting Files */,
			);
			path = SourceTreexxTests;
			sourceTree = "<group>";
		};
		B43DC83B1A887DB7005ACD99 /* Supporting Files */ = {
			isa = PBXGroup;
			children = (
				B43DC83C1A887DB7005ACD99 /* Info.plist */,
			);
			name = "Supporting Files";
			sourceTree = "<group>";
		};
/* End PBXGroup section */

/* Begin PBXNativeTarget section */
		B43DC81D1A887DB7005ACD99 /* SourceTreexx */ = {
			isa = PBXNativeTarget;
			buildConfigurationList = B43DC8411A887DB7005ACD99 /* Build configuration list for PBXNativeTarget "SourceTreexx" */;
			buildPhases = (
				B43DC81A1A887DB7005ACD99 /* Sources */,
				B43DC81B1A887DB7005ACD99 /* Frameworks */,
				B43DC81C1A887DB7005ACD99 /* Resources */,
			);
			buildRules = (
			);
			dependencies = (
			);
			name = SourceTreexx;
			productName = SourceTreexx;
			productReference = B43DC81E1A887DB7005ACD99 /* SourceTreexx.app */;
			productType = "com.apple.product-type.application";
		};
		B43DC8361A887DB7005ACD99 /* SourceTreexxTests */ = {
			isa = PBXNativeTarget;
			buildConfigurationList = B43DC8441A887DB7005ACD99 /* Build configuration list for PBXNativeTarget "SourceTreexxTests" */;
			buildPhases = (
				B43DC8331A887DB7005ACD99 /* Sources */,
				B43DC8341A887DB7005ACD99 /* Frameworks */,
				B43DC8351A887DB7005ACD99 /* Resources */,
			);
			buildRules = (
			);
			dependencies = (
				B43DC8391A887DB7005ACD99 /* PBXTargetDependency */,
			);
			name = SourceTreexxTests;
			productName = SourceTreexxTests;
			productReference = B43DC8371A887DB7005ACD99 /* SourceTreexxTests.xctest */;
			productType = "com.apple.product-type.bundle.unit-test";
		};
/* End PBXNativeTarget section */

/* Begin PBXProject section */
		B43DC8161A887DB7005ACD99 /* Project object */ = {
			isa = PBXProject;
			attributes = {
				LastUpgradeCheck = 0610;
				ORGANIZATIONNAME = zhouqiang;
				TargetAttributes = {
					B43DC81D1A887DB7005ACD99 = {
						CreatedOnToolsVersion = 6.1.1;
					};
					B43DC8361A887DB7005ACD99 = {
						CreatedOnToolsVersion = 6.1.1;
						TestTargetID = B43DC81D1A887DB7005ACD99;
					};
				};
			};
			buildConfigurationList = B43DC8191A887DB7005ACD99 /* Build configuration list for PBXProject "SourceTreexx" */;
			compatibilityVersion = "Xcode 3.2";
			developmentRegion = English;
			hasScannedForEncodings = 0;
			knownRegions = (
				en,
				Base,
			);
			mainGroup = B43DC8151A887DB7005ACD99;
			productRefGroup = B43DC81F1A887DB7005ACD99 /* Products */;
			projectDirPath = "";
			projectRoot = "";
			targets = (
				B43DC81D1A887DB7005ACD99 /* SourceTreexx */,
				B43DC8361A887DB7005ACD99 /* SourceTreexxTests */,
			);
		};
/* End PBXProject section */

/* Begin PBXResourcesBuildPhase section */
		B43DC81C1A887DB7005ACD99 /* Resources */ = {
			isa = PBXResourcesBuildPhase;
			buildActionMask = 2147483647;
			files = (
				B43DC82D1A887DB7005ACD99 /* Main.storyboard in Resources */,
				B43DC8321A887DB7005ACD99 /* LaunchScreen.xib in Resources */,
				B43DC82F1A887DB7005ACD99 /* Images.xcassets in Resources */,
			);
			runOnlyForDeploymentPostprocessing = 0;
		};
		B43DC8351A887DB7005ACD99 /* Resources */ = {
			isa = PBXResourcesBuildPhase;
			buildActionMask = 2147483647;
			files = (
			);
			runOnlyForDeploymentPostprocessing = 0;
		};
/* End PBXResourcesBuildPhase section */

/* Begin PBXSourcesBuildPhase section */
		B43DC81A1A887DB7005ACD99 /* Sources */ = {
			isa = PBXSourcesBuildPhase;
			buildActionMask = 2147483647;
			files = (
				B43DC82A1A887DB7005ACD99 /* ViewController.m in Sources */,
				B43DC8271A887DB7005ACD99 /* AppDelegate.m in Sources */,
				B43DC8241A887DB7005ACD99 /* main.m in Sources */,
			);
			runOnlyForDeploymentPostprocessing = 0;
		};
		B43DC8331A887DB7005ACD99 /* Sources */ = {
			isa = PBXSourcesBuildPhase;
			buildActionMask = 2147483647;
			files = (
				B43DC83E1A887DB7005ACD99 /* SourceTreexxTests.m in Sources */,
			);
			runOnlyForDeploymentPostprocessing = 0;
		};
/* End PBXSourcesBuildPhase section */

/* Begin PBXTargetDependency section */
		B43DC8391A887DB7005ACD99 /* PBXTargetDependency */ = {
			isa = PBXTargetDependency;
			target = B43DC81D1A887DB7005ACD99 /* SourceTreexx */;
			targetProxy = B43DC8381A887DB7005ACD99 /* PBXContainerItemProxy */;
		};
/* End PBXTargetDependency section */

/* Begin PBXVariantGroup section */
		B43DC82B1A887DB7005ACD99 /* Main.storyboard */ = {
			isa = PBXVariantGroup;
			children = (
				B43DC82C1A887DB7005ACD99 /* Base */,
			);
			name = Main.storyboard;
			sourceTree = "<group>";
		};
		B43DC8301A887DB7005ACD99 /* LaunchScreen.xib */ = {
			isa = PBXVariantGroup;
			children = (
				B43DC8311A887DB7005ACD99 /* Base */,
			);
			name = LaunchScreen.xib;
			sourceTree = "<group>";
		};
/* End PBXVariantGroup section */

/* Begin XCBuildConfiguration section */
		B43DC83F1A887DB7005ACD99 /* Debug */ = {
			isa = XCBuildConfiguration;
			buildSettings = {
				ALWAYS_SEARCH_USER_PATHS = NO;
				CLANG_CXX_LANGUAGE_STANDARD = "gnu++0x";
				CLANG_CXX_LIBRARY = "libc++";
				CLANG_ENABLE_MODULES = YES;
				CLANG_ENABLE_OBJC_ARC = YES;
				CLANG_WARN_BOOL_CONVERSION = YES;
				CLANG_WARN_CONSTANT_CONVERSION = YES;
				CLANG_WARN_DIRECT_OBJC_ISA_USAGE = YES_ERROR;
				CLANG_WARN_EMPTY_BODY = YES;
				CLANG_WARN_ENUM_CONVERSION = YES;
				CLANG_WARN_INT_CONVERSION = YES;
				CLANG_WARN_OBJC_ROOT_CLASS = YES_ERROR;
				CLANG_WARN_UNREACHABLE_CODE = YES;
				CLANG_WARN__DUPLICATE_METHOD_MATCH = YES;
				"CODE_SIGN_IDENTITY[sdk=iphoneos*]" = "iPhone Developer";
				COPY_PHASE_STRIP = NO;
				ENABLE_STRICT_OBJC_MSGSEND = YES;
				GCC_C_LANGUAGE_STANDARD = gnu99;
				GCC_DYNAMIC_NO_PIC = NO;
				GCC_OPTIMIZATION_LEVEL = 0;
				GCC_PREPROCESSOR_DEFINITIONS = (
					"DEBUG=1",
					"$(inherited)",
				);
				GCC_SYMBOLS_PRIVATE_EXTERN = NO;
				GCC_WARN_64_TO_32_BIT_CONVERSION = YES;
				GCC_WARN_ABOUT_RETURN_TYPE = YES_ERROR;
				GCC_WARN_UNDECLARED_SELECTOR = YES;
				GCC_WARN_UNINITIALIZED_AUTOS = YES_AGGRESSIVE;
				GCC_WARN_UNUSED_FUNCTION = YES;
				GCC_WARN_UNUSED_VARIABLE = YES;
				IPHONEOS_DEPLOYMENT_TARGET = 8.1;
				MTL_ENABLE_DEBUG_INFO = YES;
				ONLY_ACTIVE_ARCH = YES;
				SDKROOT = iphoneos;
			};
			name = Debug;
		};
		B43DC8401A887DB7005ACD99 /* Release */ = {
			isa = XCBuildConfiguration;
			buildSettings = {
				ALWAYS_SEARCH_USER_PATHS = NO;
				CLANG_CXX_LANGUAGE_STANDARD = "gnu++0x";
				CLANG_CXX_LIBRARY = "libc++";
				CLANG_ENABLE_MODULES = YES;
				CLANG_ENABLE_OBJC_ARC = YES;
				CLANG_WARN_BOOL_CONVERSION = YES;
				CLANG_WARN_CONSTANT_CONVERSION = YES;
				CLANG_WARN_DIRECT_OBJC_ISA_USAGE = YES_ERROR;
				CLANG_WARN_EMPTY_BODY = YES;
				CLANG_WARN_ENUM_CONVERSION = YES;
				CLANG_WARN_INT_CONVERSION = YES;
				CLANG_WARN_OBJC_ROOT_CLASS = YES_ERROR;
				CLANG_WARN_UNREACHABLE_CODE = YES;
				CLANG_WARN__DUPLICATE_METHOD_MATCH = YES;
				"CODE_SIGN_IDENTITY[sdk=iphoneos*]" = "iPhone Developer";
				COPY_PHASE_STRIP = YES;
				ENABLE_NS_ASSERTIONS = NO;
				ENABLE_STRICT_OBJC_MSGSEND = YES;
				GCC_C_LANGUAGE_STANDARD = gnu99;
				GCC_WARN_64_TO_32_BIT_CONVERSION = YES;
				GCC_WARN_ABOUT_RETURN_TYPE = YES_ERROR;
				GCC_WARN_UNDECLARED_SELECTOR = YES;
				GCC_WARN_UNINITIALIZED_AUTOS = YES_AGGRESSIVE;
				GCC_WARN_UNUSED_FUNCTION = YES;
				GCC_WARN_UNUSED_VARIABLE = YES;
				IPHONEOS_DEPLOYMENT_TARGET = 8.1;
				MTL_ENABLE_DEBUG_INFO = NO;
				SDKROOT = iphoneos;
				VALIDATE_PRODUCT = YES;
			};
			name = Release;
		};
		B43DC8421A887DB7005ACD99 /* Debug */ = {
			isa = XCBuildConfiguration;
			buildSettings = {
				ASSETCATALOG_COMPILER_APPICON_NAME = AppIcon;
				INFOPLIST_FILE = SourceTreexx/Info.plist;
				LD_RUNPATH_SEARCH_PATHS = "$(inherited) @executable_path/Frameworks";
				PRODUCT_NAME = "$(TARGET_NAME)";
			};
			name = Debug;
		};
		B43DC8431A887DB7005ACD99 /* Release */ = {
			isa = XCBuildConfiguration;
			buildSettings = {
				ASSETCATALOG_COMPILER_APPICON_NAME = AppIcon;
				INFOPLIST_FILE = SourceTreexx/Info.plist;
				LD_RUNPATH_SEARCH_PATHS = "$(inherited) @executable_path/Frameworks";
				PRODUCT_NAME = "$(TARGET_NAME)";
			};
			name = Release;
		};
		B43DC8451A887DB7005ACD99 /* Debug */ = {
			isa = XCBuildConfiguration;
			buildSettings = {
				BUNDLE_LOADER = "$(TEST_HOST)";
				FRAMEWORK_SEARCH_PATHS = (
					"$(SDKROOT)/Developer/Library/Frameworks",
					"$(inherited)",
				);
				GCC_PREPROCESSOR_DEFINITIONS = (
					"DEBUG=1",
					"$(inherited)",
				);
				INFOPLIST_FILE = SourceTreexxTests/Info.plist;
				LD_RUNPATH_SEARCH_PATHS = "$(inherited) @executable_path/Frameworks @loader_path/Frameworks";
				PRODUCT_NAME = "$(TARGET_NAME)";
				TEST_HOST = "$(BUILT_PRODUCTS_DIR)/SourceTreexx.app/SourceTreexx";
			};
			name = Debug;
		};
		B43DC8461A887DB7005ACD99 /* Release */ = {
			isa = XCBuildConfiguration;
			buildSettings = {
				BUNDLE_LOADER = "$(TEST_HOST)";
				FRAMEWORK_SEARCH_PATHS = (
					"$(SDKROOT)/Developer/Library/Frameworks",
					"$(inherited)",
				);
				INFOPLIST_FILE = SourceTreexxTests/Info.plist;
				LD_RUNPATH_SEARCH_PATHS = "$(inherited) @executable_path/Frameworks @loader_path/Frameworks";
				PRODUCT_NAME = "$(TARGET_NAME)";
				TEST_HOST = "$(BUILT_PRODUCTS_DIR)/SourceTreexx.app/SourceTreexx";
			};
			name = Release;
		};
/* End XCBuildConfiguration section */

/* Begin XCConfigurationList section */
		B43DC8191A887DB7005ACD99 /* Build configuration list for PBXProject "SourceTreexx" */ = {
			isa = XCConfigurationList;
			buildConfigurations = (
				B43DC83F1A887DB7005ACD99 /* Debug */,
				B43DC8401A887DB7005ACD99 /* Release */,
			);
			defaultConfigurationIsVisible = 0;
			defaultConfigurationName = Release;
		};
		B43DC8411A887DB7005ACD99 /* Build configuration list for PBXNativeTarget "SourceTreexx" */ = {
			isa = XCConfigurationList;
			buildConfigurations = (
				B43DC8421A887DB7005ACD99 /* Debug */,
				B43DC8431A887DB7005ACD99 /* Release */,
			);
			defaultConfigurationIsVisible = 0;
		};
		B43DC8441A887DB7005ACD99 /* Build configuration list for PBXNativeTarget "SourceTreexxTests" */ = {
			isa = XCConfigurationList;
			buildConfigurations = (
				B43DC8451A887DB7005ACD99 /* Debug */,
				B43DC8461A887DB7005ACD99 /* Release */,
			);
			defaultConfigurationIsVisible = 0;
		};
/* End XCConfigurationList section */
	};
	rootObject = B43DC8161A887DB7005ACD99 /* Project object */;
}
